version = 1
revision = 3
requires-python = ">=3.13"

[[package]]
name = "asgiref"
version = "3.11.1"
source = { registry = "https://pypi.org/simple" }
sdist = { url = "https://files.pythonhosted.org/packages/63/40/f03da1264ae8f7cfdbf9146542e5e7e8100a4c66ab48e791df9a03d3f6c0/asgiref-3.11.1.tar.gz", hash = "sha256:5f184dc43b7e763efe848065441eac62229c9f7b0475f41f80e207a114eda4ce", size = 38550, upload-time = "2026-02-03T13:30:14.33Z" }
wheels = [
    { url = "https://files.pythonhosted.org/packages/5c/0a/a72d10ed65068e115044937873362e6e32fab1b7dce0046aeb224682c989/asgiref-3.11.1-py3-none-any.whl", hash = "sha256:e8667a091e69529631969fd45dc268fa79b99c92c5fcdda727757e52146ec133", size = 24345, upload-time = "2026-02-03T13:30:13.039Z" },
]

[[package]]
name = "django"
version = "6.0.5"
source = { registry = "https://pypi.org/simple" }
dependencies = [
    { name = "asgiref" },
    { name = "sqlparse" },
    { name = "tzdata", marker = "sys_platform == 'win32'" },
]
sdist = { url = "https://files.pythonhosted.org/packages/5e/f1/bf85f0d29ef76abf901f193fe8fef4769d3da7794197832bc30151c071d8/django-6.0.5.tar.gz", hash = "sha256:bc6d6872e98a2864c836e42edd644b362db311147dd5aa8d5b82ba7a032f5269", size = 10924131, upload-time = "2026-05-05T13:54:39.329Z" }
wheels = [
    { url = "https://files.pythonhosted.org/packages/94/5b/1328f8b84fce040c404f76822bf8c57d254e368e8cbd8bd67ec2b26d75f5/django-6.0.5-py3-none-any.whl", hash = "sha256:9d58a7cb49244e74c8e161d5e403a46d6209f1009ba40f5a66d6aa0d0786a8f0", size = 8368680, upload-time = "2026-05-05T13:54:33.532Z" },
]

[[package]]
name = "narwhals"
version = "2.21.2"
source = { registry = "https://pypi.org/simple" }
sdist = { url = "https://files.pythonhosted.org/packages/cf/a0/6198c56d42ef2f3c6ed0c42ba30dbcefdc86a91262d7d449010770ae085b/narwhals-2.21.2.tar.gz", hash = "sha256:5c5b2d0b47aef7c73ea412cfcbcd467f2f2d5be73e3c2ab19d78f4a97718790a", size = 632176, upload-time = "2026-05-16T08:49:08.314Z" }
wheels = [
    { url = "https://files.pythonhosted.org/packages/1d/77/928ea2e70641ca177a11140062cc5840d421795f2e82749d408d0cce900a/narwhals-2.21.2-py3-none-any.whl", hash = "sha256:7bb57c3700486039215455b9bf2d64261915cc0fd845cc30272d631df696b251", size = 451201, upload-time = "2026-05-16T08:49:05.536Z" },
]

[[package]]
name = "openskill"
version = "6.2.0"
source = { registry = "https://pypi.org/simple" }
sdist = { url = "https://files.pythonhosted.org/packages/d8/fb/1ce1702a8677729cde83cb7f5924953c0704e95620898d991711a0dc57e4/openskill-6.2.0.tar.gz", hash = "sha256:817c5192aaed489697a1703fc2a3f9ea84b4487b09d0c27fd270a04f08f13d67", size = 47848, upload-time = "2026-01-11T16:49:15.249Z" }
wheels = [
    { url = "https://files.pythonhosted.org/packages/d0/3e/12a147cc98959a4d7c3b64504db80b65f10d903f778935e2322ac5f20008/openskill-6.2.0-cp313-cp313-macosx_10_13_x86_64.whl", hash = "sha256:702ccb698a8c215fd895410bf6c6b39f16ac980f00ec50056cfc17ad9e2075ae", size = 494330, upload-time = "2026-01-11T16:49:01.207Z" },
    { url = "https://files.pythonhosted.org/packages/ce/26/3f00066a73922ffefb3aedb351a19114317703f0bdbe1ffadd2bda923830/openskill-6.2.0-cp313-cp313-macosx_11_0_arm64.whl", hash = "sha256:9de4689a6c6061e1a8c20903a6bc7a6f07ee7a9623b64df0b657311936bc0b7f", size = 460486, upload-time = "2026-01-11T16:49:02.402Z" },
    { url = "https://files.pythonhosted.org/packages/e7/e5/4dcd2dd8a26a3148d3a356041a66b213c952b55bbaa956657ba98f90813e/openskill-6.2.0-cp313-cp313-manylinux_2_17_aarch64.manylinux2014_aarch64.whl", hash = "sha256:e3b34f1f92a80e4d28a314c350a5b9830cc404396dffb52235f89e0c6dd7b6ed", size = 672606, upload-time = "2026-01-11T16:49:03.716Z" },
    { url = "https://files.pythonhosted.org/packages/7b/2d/1eed648456acbc525fcfad6d9875ccebf825f7618ec22c82b9269a35f09a/openskill-6.2.0-cp313-cp313-manylinux_2_17_x86_64.manylinux2014_x86_64.whl", hash = "sha256:624e3d1841d299f54f1705517ea38361af3f062380936bdd98e0b33a671183f1", size = 719197, upload-time = "2026-01-11T16:49:05.607Z" },
    { url = "https://files.pythonhosted.org/packages/af/fe/5a0e6b26cedb2f341c08c64ce8851544aa83560e6dcaf61b98a38e2f998e/openskill-6.2.0-cp313-cp313-manylinux_2_5_i686.manylinux1_i686.manylinux_2_17_i686.manylinux2014_i686.whl", hash = "sha256:e4bba56d04f8580b078d1ea329056c842362b14114d8c9308d9fdb5517bf6694", size = 710102, upload-time = "2026-01-11T16:49:06.852Z" },
    { url = "https://files.pythonhosted.org/packages/2a/15/413093c3b00bc27dcdbaf6b9b9b0b3076df9ef5462e87ba75fdd5257669c/openskill-6.2.0-cp313-cp313-musllinux_1_2_aarch64.whl", hash = "sha256:2b1e8f66bcc9be185e6e2a0219e7c1764b9bbed35c22e44b41f07949221e77ca", size = 698172, upload-time = "2026-01-11T16:49:08.151Z" },
    { url = "https://files.pythonhosted.org/packages/54/2d/78d5b708f0ab57c7b136b461b91eff92b892d37c6963bfef5cbebbe52966/openskill-6.2.0-cp313-cp313-musllinux_1_2_i686.whl", hash = "sha256:8709089db3692ab2e829b1f4af97d90b00705158cfb67264c02db2db8b7f606b", size = 715316, upload-time = "2026-01-11T16:49:09.39Z" },
    { url = "https://files.pythonhosted.org/packages/c1/87/c4a1801557511ff211dee67c403db774c5604b583dedef508f11ae7e7be9/openskill-6.2.0-cp313-cp313-musllinux_1_2_x86_64.whl", hash = "sha256:2aa8a3213658133659c92087327d6d1d3c48bb4df2f9e9a1596a6c40e5d4ba17", size = 713484, upload-time = "2026-01-11T16:49:10.737Z" },
    { url = "https://files.pythonhosted.org/packages/1f/f6/f885eb0d65538c3c8346b433fb2267a96d2c7b2fff714facaf8626d63e72/openskill-6.2.0-cp313-cp313-win32.whl", hash = "sha256:1306e5ba09b8a7599d9f295533239255b39766ba69ff224eaac22b6fbc0a99c5", size = 317714, upload-time = "2026-01-11T16:49:11.911Z" },
    { url = "https://files.pythonhosted.org/packages/98/24/59b440a6015fcd90545d0deb0d34d295a3a3a2d835c387f65fa053068954/openskill-6.2.0-cp313-cp313-win_amd64.whl", hash = "sha256:8bc4d3f01991c4bb636018fd2e0e7ff90eb934404f42e5a18b1d2be67ee10858", size = 356016, upload-time = "2026-01-11T16:49:13.068Z" },
    { url = "https://files.pythonhosted.org/packages/bf/11/2e0981f11153a06f6a6c7ae5bd84977e76c0e510af2d629288d4d5bdf81d/openskill-6.2.0-py3-none-any.whl", hash = "sha256:7c9cf8447181a5402793afe9230058ae1091ceb7fc0364b9ab3eb51e9eac1ac9", size = 48417, upload-time = "2026-01-11T16:49:14.274Z" },
]

[[package]]
name = "packaging"
version = "26.2"
source = { registry = "https://pypi.org/simple" }
sdist = { url = "https://files.pythonhosted.org/packages/d7/f1/e7a6dd94a8d4a5626c03e4e99c87f241ba9e350cd9e6d75123f992427270/packaging-26.2.tar.gz", hash = "sha256:ff452ff5a3e828ce110190feff1178bb1f2ea2281fa2075aadb987c2fb221661", size = 228134, upload-time = "2026-04-24T20:15:23.917Z" }
wheels = [
    { url = "https://files.pythonhosted.org/packages/df/b2/87e62e8c3e2f4b32e5fe99e0b86d576da1312593b39f47d8ceef365e95ed/packaging-26.2-py3-none-any.whl", hash = "sha256:5fc45236b9446107ff2415ce77c807cee2862cb6fac22b8a73826d0693b0980e", size = 100195, upload-time = "2026-04-24T20:15:22.081Z" },
]

[[package]]
name = "pbelo"
version = "0.1.0"
source = { virtual = "." }
dependencies = [
    { name = "django" },
    { name = "openskill" },
    { name = "plotly" },
    { name = "python-dotenv" },
    { name = "whitenoise" },
]

[package.metadata]
requires-dist = [
    { name = "django", specifier = ">=5.2" },
    { name = "openskill", specifier = ">=6.0" },
    { name = "plotly", specifier = ">=6.7.0" },
    { name = "python-dotenv", specifier = ">=1.2.2" },
    { name = "whitenoise", specifier = ">=6.12.0" },
]

[[package]]
name = "plotly"
version = "6.7.0"
source = { registry = "https://pypi.org/simple" }
dependencies = [
    { name = "narwhals" },
    { name = "packaging" },
]
sdist = { url = "https://files.pythonhosted.org/packages/3a/7f/0f100df1172aadf88a929a9dbb902656b0880ba4b960fe5224867159d8f4/plotly-6.7.0.tar.gz", hash = "sha256:45eea0ff27e2a23ccd62776f77eb43aa1ca03df4192b76036e380bb479b892c6", size = 6911286, upload-time = "2026-04-09T20:36:45.738Z" }
wheels = [
    { url = "https://files.pythonhosted.org/packages/90/ad/cba91b3bcf04073e4d1655a5c1710ef3f457f56f7d1b79dcc3d72f4dd912/plotly-6.7.0-py3-none-any.whl", hash = "sha256:ac8aca1c25c663a59b5b9140a549264a5badde2e057d79b8c772ae2920e32ff0", size = 9898444, upload-time = "2026-04-09T20:36:39.812Z" },
]

[[package]]
name = "python-dotenv"
version = "1.2.2"
source = { registry = "https://pypi.org/simple" }
sdist = { url = "https://files.pythonhosted.org/packages/82/ed/0301aeeac3e5353ef3d94b6ec08bbcabd04a72018415dcb29e588514bba8/python_dotenv-1.2.2.tar.gz", hash = "sha256:2c371a91fbd7ba082c2c1dc1f8bf89ca22564a087c2c287cd9b662adde799cf3", size = 50135, upload-time = "2026-03-01T16:00:26.196Z" }
wheels = [
    { url = "https://files.pythonhosted.org/packages/0b/d7/1959b9648791274998a9c3526f6d0ec8fd2233e4d4acce81bbae76b44b2a/python_dotenv-1.2.2-py3-none-any.whl", hash = "sha256:1d8214789a24de455a8b8bd8ae6fe3c6b69a5e3d64aa8a8e5d68e694bbcb285a", size = 22101, upload-time = "2026-03-01T16:00:25.09Z" },
]

[[package]]
name = "sqlparse"
version = "0.5.5"
source = { registry = "https://pypi.org/simple" }
sdist = { url = "https://files.pythonhosted.org/packages/90/76/437d71068094df0726366574cf3432a4ed754217b436eb7429415cf2d480/sqlparse-0.5.5.tar.gz", hash = "sha256:e20d4a9b0b8585fdf63b10d30066c7c94c5d7a7ec47c889a2d83a3caa93ff28e", size = 120815, upload-time = "2025-12-19T07:17:45.073Z" }
wheels = [
    { url = "https://files.pythonhosted.org/packages/49/4b/359f28a903c13438ef59ebeee215fb25da53066db67b305c125f1c6d2a25/sqlparse-0.5.5-py3-none-any.whl", hash = "sha256:12a08b3bf3eec877c519589833aed092e2444e68240a3577e8e26148acc7b1ba", size = 46138, upload-time = "2025-12-19T07:17:46.573Z" },
]

[[package]]
name = "tzdata"
version = "2026.2"
source = { registry = "https://pypi.org/simple" }
sdist = { url = "https://files.pythonhosted.org/packages/ba/19/1b9b0e29f30c6d35cb345486df41110984ea67ae69dddbc0e8a100999493/tzdata-2026.2.tar.gz", hash = "sha256:9173fde7d80d9018e02a662e168e5a2d04f87c41ea174b139fbef642eda62d10", size = 198254, upload-time = "2026-04-24T15:22:08.651Z" }
wheels = [
    { url = "https://files.pythonhosted.org/packages/ce/e4/dccd7f47c4b64213ac01ef921a1337ee6e30e8c6466046018326977efd95/tzdata-2026.2-py2.py3-none-any.whl", hash = "sha256:bbe9af844f658da81a5f95019480da3a89415801f6cc966806612cc7169bffe7", size = 349321, upload-time = "2026-04-24T15:22:05.876Z" },
]

[[package]]
name = "whitenoise"
version = "6.12.0"
source = { registry = "https://pypi.org/simple" }
sdist = { url = "https://files.pythonhosted.org/packages/cb/2a/55b3f3a4ec326cd077c1c3defeee656b9298372a69229134d930151acd01/whitenoise-6.12.0.tar.gz", hash = "sha256:f723ebb76a112e98816ff80fcea0a6c9b8ecde835f8ddda25df7a30a3c2db6ad", size = 26841, upload-time = "2026-02-27T00:05:42.028Z" }
wheels = [
    { url = "https://files.pythonhosted.org/packages/db/eb/d5583a11486211f3ebd4b385545ae787f32363d453c19fffd81106c9c138/whitenoise-6.12.0-py3-none-any.whl", hash = "sha256:fc5e8c572e33ebf24795b47b6a7da8da3c00cff2349f5b04c02f28d0cc5a3cc2", size = 20302, upload-time = "2026-02-27T00:05:40.086Z" },
]
